{
  "name": "@surpathhub/ugnay",
  "version": "0.1.0-beta",
  "lockfileVersion": 2,
  "requires": true,
  "packages": {
    "": {
      "name": "@surpathhub/ugnay",
      "version": "0.1.0-beta",
      "license": "MIT",
      "dependencies": {
        "@matteusan/sentro": "^0.1.4"
      }
    },
    "node_modules/@matteusan/sentro": {
      "version": "0.1.4",
      "resolved": "https://registry.npmjs.org/@matteusan/sentro/-/sentro-0.1.4.tgz",
      "integrity": "sha512-UNXS2rvT4Rl5euBvAeMbQEEZAtquEg2e4KstFXGO8hiQ9KO70UjhKBUetvygBTJDXD9T/DAPg5WJnfaTOXsjOQ=="
    }
  },
  "dependencies": {
    "@matteusan/sentro": {
      "version": "0.1.4",
      "resolved": "https://registry.npmjs.org/@matteusan/sentro/-/sentro-0.1.4.tgz",
      "integrity": "sha512-UNXS2rvT4Rl5euBvAeMbQEEZAtquEg2e4KstFXGO8hiQ9KO70UjhKBUetvygBTJDXD9T/DAPg5WJnfaTOXsjOQ=="
    }
  }
}
